
Microsoft Visual Studio Solution File, Format Version 12.00
# Visual Studio Version 17
VisualStudioVersion = 17.4.33110.190
MinimumVisualStudioVersion = 10.0.40219.1
Project("{888888A0-9F3D-457C-B088-3A5042F75D52}") = "kodutoo", "kodutoo.pyproj", "{4F3F94A9-836B-4220-81C0-D78D39B138FB}"
EndProject
Global
	GlobalSection(SolutionConfigurationPlatforms) = preSolution
		Debug|Any CPU = Debug|Any CPU
		Release|Any CPU = Release|Any CPU
	EndGlobalSection
	GlobalSection(ProjectConfigurationPlatforms) = postSolution
		{4F3F94A9-836B-4220-81C0-D78D39B138FB}.Debug|Any CPU.ActiveCfg = Debug|Any CPU
		{4F3F94A9-836B-4220-81C0-D78D39B138FB}.Release|Any CPU.ActiveCfg = Release|Any CPU
	EndGlobalSection
	GlobalSection(SolutionProperties) = preSolution
		HideSolutionNode = FALSE
	EndGlobalSection
	GlobalSection(ExtensibilityGlobals) = postSolution
		SolutionGuid = {59D21370-8848-44D9-B09B-BDF20B1F4B07}
	EndGlobalSection
EndGlobal
